
Microsoft Visual Studio Solution File, Format Version 12.00
# Visual Studio Version 17
VisualStudioVersion = 17.11.35208.52
MinimumVisualStudioVersion = 10.0.40219.1
Project("{FAE04EC0-301F-11D3-BF4B-00C04F79EFBC}") = "basic string formatting in C#", "basic string formatting in C#\basic string formatting in C#.csproj", "{49044FA8-30B2-4501-9529-93CB1E26759D}"
EndProject
Global
	GlobalSection(SolutionConfigurationPlatforms) = preSolution
		Debug|Any CPU = Debug|Any CPU
		Release|Any CPU = Release|Any CPU
	EndGlobalSection
	GlobalSection(ProjectConfigurationPlatforms) = postSolution
		{49044FA8-30B2-4501-9529-93CB1E26759D}.Debug|Any CPU.ActiveCfg = Debug|Any CPU
		{49044FA8-30B2-4501-9529-93CB1E26759D}.Debug|Any CPU.Build.0 = Debug|Any CPU
		{49044FA8-30B2-4501-9529-93CB1E26759D}.Release|Any CPU.ActiveCfg = Release|Any CPU
		{49044FA8-30B2-4501-9529-93CB1E26759D}.Release|Any CPU.Build.0 = Release|Any CPU
	EndGlobalSection
	GlobalSection(SolutionProperties) = preSolution
		HideSolutionNode = FALSE
	EndGlobalSection
	GlobalSection(ExtensibilityGlobals) = postSolution
		SolutionGuid = {979E4F51-0B99-4BDF-ABCB-B832BFFC1B2E}
	EndGlobalSection
EndGlobal
